
Microsoft Visual Studio Solution File, Format Version 12.00
# Visual Studio Version 16
VisualStudioVersion = 16.0.30114.105
MinimumVisualStudioVersion = 10.0.40219.1
Project("{FAE04EC0-301F-11D3-BF4B-00C04F79EFBC}") = "Torpedo3", "Torpedo3\Torpedo3.csproj", "{67DA48D1-3B2B-435C-B144-14E8EC50ECC4}"
EndProject
Global
	GlobalSection(SolutionConfigurationPlatforms) = preSolution
		Debug|Any CPU = Debug|Any CPU
		Release|Any CPU = Release|Any CPU
	EndGlobalSection
	GlobalSection(ProjectConfigurationPlatforms) = postSolution
		{67DA48D1-3B2B-435C-B144-14E8EC50ECC4}.Debug|Any CPU.ActiveCfg = Debug|Any CPU
		{67DA48D1-3B2B-435C-B144-14E8EC50ECC4}.Debug|Any CPU.Build.0 = Debug|Any CPU
		{67DA48D1-3B2B-435C-B144-14E8EC50ECC4}.Release|Any CPU.ActiveCfg = Release|Any CPU
		{67DA48D1-3B2B-435C-B144-14E8EC50ECC4}.Release|Any CPU.Build.0 = Release|Any CPU
	EndGlobalSection
	GlobalSection(SolutionProperties) = preSolution
		HideSolutionNode = FALSE
	EndGlobalSection
	GlobalSection(ExtensibilityGlobals) = postSolution
		SolutionGuid = {374D0705-8F2D-47F8-BA28-A1FACFBF4DBC}
	EndGlobalSection
EndGlobal
